{
  "name": "testpersistentdatastructure",
  "version": "1.0.0",
  "lockfileVersion": 1,
  "requires": true,
  "dependencies": {
    "immer": {
      "version": "1.12.1",
      "resolved": "https://registry.npmjs.org/immer/-/immer-1.12.1.tgz",
      "integrity": "sha512-3fmKM6ovaqDt0CdC9daXpNi5x/YCYS3i4cwLdTVkhJdk5jrDXoPs7lCm3IqM3yhfSnz4tjjxbRG2CziQ7m8ztg=="
    },
    "immutable": {
      "version": "4.0.0-rc.12",
      "resolved": "https://registry.npmjs.org/immutable/-/immutable-4.0.0-rc.12.tgz",
      "integrity": "sha1-ylmn5MGa6Nm/dKl73w9uLypdAhc="
    },
    "seamless-immutable": {
      "version": "7.1.4",
      "resolved": "https://registry.npmjs.org/seamless-immutable/-/seamless-immutable-7.1.4.tgz",
      "integrity": "sha1-bpU23vCD3cTeoCB9ci4OgNDzcvg="
    }
  }
}
